
Microsoft Visual Studio Solution File, Format Version 12.00
# Visual Studio Version 16
VisualStudioVersion = 16.0.34301.259
MinimumVisualStudioVersion = 10.0.40219.1
Project("{FAE04EC0-301F-11D3-BF4B-00C04F79EFBC}") = "desktop-reserva-hotel", "desktop-reserva-hotel\desktop-reserva-hotel.csproj", "{3A3066CE-92EA-409C-A072-32F03F82AB46}"
EndProject
Global
	GlobalSection(SolutionConfigurationPlatforms) = preSolution
		Debug|Any CPU = Debug|Any CPU
		Release|Any CPU = Release|Any CPU
	EndGlobalSection
	GlobalSection(ProjectConfigurationPlatforms) = postSolution
		{3A3066CE-92EA-409C-A072-32F03F82AB46}.Debug|Any CPU.ActiveCfg = Debug|Any CPU
		{3A3066CE-92EA-409C-A072-32F03F82AB46}.Debug|Any CPU.Build.0 = Debug|Any CPU
		{3A3066CE-92EA-409C-A072-32F03F82AB46}.Release|Any CPU.ActiveCfg = Release|Any CPU
		{3A3066CE-92EA-409C-A072-32F03F82AB46}.Release|Any CPU.Build.0 = Release|Any CPU
	EndGlobalSection
	GlobalSection(SolutionProperties) = preSolution
		HideSolutionNode = FALSE
	EndGlobalSection
	GlobalSection(ExtensibilityGlobals) = postSolution
		SolutionGuid = {0A8DA1A1-2FDC-4288-956A-98B876F0EB5B}
	EndGlobalSection
EndGlobal
